github.com/RizkiMufrizal/belajar-dasar-golang v1.0.0 h1:kPpTNaNQ0pT244fQG2sZ00oKoC92ruXDX/pYdC4hZgI=
github.com/RizkiMufrizal/belajar-dasar-golang v1.0.0/go.mod h1:54yj4l/EQGZ2zXX8655tT5deet/nNHWEybiFSTXBBxU=
github.com/RizkiMufrizal/belajar-dasar-golang/go-say-hello v0.0.0-20221130140507-8d60d3062ad1 h1:zTLA31rcgpSIdV7IifhPQ+c80VXCml3G0cLVk5GuHnA=
github.com/RizkiMufrizal/belajar-dasar-golang/go-say-hello v0.0.0-20221130140507-8d60d3062ad1/go.mod h1:f2RJnZjMIjFQ2Va/uvKBqxZvUA8JXeBRVz+nNovTG04=
